Microsoft Visual Studio Solution File, Format Version 12.00
# Visual Studio Version 17
VisualStudioVersion = 17.5.2.0
MinimumVisualStudioVersion = 10.0.40219.1
Project("{FAE04EC0-301F-11D3-BF4B-00C04F79EFBC}") = "ray", "ray.csproj", "{B7145668-8231-56F4-C733-29EE107A7D68}"
EndProject
Global
	GlobalSection(SolutionConfigurationPlatforms) = preSolution
		Debug|Any CPU = Debug|Any CPU
		Release|Any CPU = Release|Any CPU
	EndGlobalSection
	GlobalSection(ProjectConfigurationPlatforms) = postSolution
		{B7145668-8231-56F4-C733-29EE107A7D68}.Debug|Any CPU.ActiveCfg = Debug|Any CPU
		{B7145668-8231-56F4-C733-29EE107A7D68}.Debug|Any CPU.Build.0 = Debug|Any CPU
		{B7145668-8231-56F4-C733-29EE107A7D68}.Release|Any CPU.ActiveCfg = Release|Any CPU
		{B7145668-8231-56F4-C733-29EE107A7D68}.Release|Any CPU.Build.0 = Release|Any CPU
	EndGlobalSection
	GlobalSection(SolutionProperties) = preSolution
		HideSolutionNode = FALSE
	EndGlobalSection
	GlobalSection(ExtensibilityGlobals) = postSolution
		SolutionGuid = {8AAA1B38-D02A-4F99-BC06-D3DEDF1E388E}
	EndGlobalSection
EndGlobal
